
Microsoft Visual Studio Solution File, Format Version 12.00
# Visual Studio Version 16
VisualStudioVersion = 16.0.30204.135
MinimumVisualStudioVersion = 10.0.40219.1
Project("{FAE04EC0-301F-11D3-BF4B-00C04F79EFBC}") = "POSDemo", "POSDemo.csproj", "{5F77605F-D4D3-42DE-81FC-0A9DC8C4F90E}"
EndProject
Global
	GlobalSection(SolutionConfigurationPlatforms) = preSolution
		Debug|Any CPU = Debug|Any CPU
		Release|Any CPU = Release|Any CPU
	EndGlobalSection
	GlobalSection(ProjectConfigurationPlatforms) = postSolution
		{5F77605F-D4D3-42DE-81FC-0A9DC8C4F90E}.Debug|Any CPU.ActiveCfg = Debug|Any CPU
		{5F77605F-D4D3-42DE-81FC-0A9DC8C4F90E}.Debug|Any CPU.Build.0 = Debug|Any CPU
		{5F77605F-D4D3-42DE-81FC-0A9DC8C4F90E}.Release|Any CPU.ActiveCfg = Release|Any CPU
		{5F77605F-D4D3-42DE-81FC-0A9DC8C4F90E}.Release|Any CPU.Build.0 = Release|Any CPU
	EndGlobalSection
	GlobalSection(SolutionProperties) = preSolution
		HideSolutionNode = FALSE
	EndGlobalSection
	GlobalSection(ExtensibilityGlobals) = postSolution
		SolutionGuid = {B72EE572-F718-4064-AAEE-29C47BDECFE6}
	EndGlobalSection
EndGlobal
